
Microsoft Visual Studio Solution File, Format Version 12.00
# Visual Studio Version 16
VisualStudioVersion = 16.0.30621.155
MinimumVisualStudioVersion = 10.0.40219.1
Project("{FAE04EC0-301F-11D3-BF4B-00C04F79EFBC}") = "ToDoList", "ToDoList\ToDoList.csproj", "{84D6CD65-C5F5-40C6-9266-A648495E439F}"
EndProject
Project("{FAE04EC0-301F-11D3-BF4B-00C04F79EFBC}") = "ToDoList.Core", "ToDoList.Core\ToDoList.Core.csproj", "{6F2F6B50-792A-4B7C-A769-F814EE522376}"
EndProject
Global
	GlobalSection(SolutionConfigurationPlatforms) = preSolution
		Debug|Any CPU = Debug|Any CPU
		Release|Any CPU = Release|Any CPU
	EndGlobalSection
	GlobalSection(ProjectConfigurationPlatforms) = postSolution
		{84D6CD65-C5F5-40C6-9266-A648495E439F}.Debug|Any CPU.ActiveCfg = Debug|Any CPU
		{84D6CD65-C5F5-40C6-9266-A648495E439F}.Debug|Any CPU.Build.0 = Debug|Any CPU
		{84D6CD65-C5F5-40C6-9266-A648495E439F}.Release|Any CPU.ActiveCfg = Release|Any CPU
		{84D6CD65-C5F5-40C6-9266-A648495E439F}.Release|Any CPU.Build.0 = Release|Any CPU
		{6F2F6B50-792A-4B7C-A769-F814EE522376}.Debug|Any CPU.ActiveCfg = Debug|Any CPU
		{6F2F6B50-792A-4B7C-A769-F814EE522376}.Debug|Any CPU.Build.0 = Debug|Any CPU
		{6F2F6B50-792A-4B7C-A769-F814EE522376}.Release|Any CPU.ActiveCfg = Release|Any CPU
		{6F2F6B50-792A-4B7C-A769-F814EE522376}.Release|Any CPU.Build.0 = Release|Any CPU
	EndGlobalSection
	GlobalSection(SolutionProperties) = preSolution
		HideSolutionNode = FALSE
	EndGlobalSection
	GlobalSection(ExtensibilityGlobals) = postSolution
		SolutionGuid = {F2E2A6B8-16C6-4838-BA79-34B5D57B444A}
	EndGlobalSection
EndGlobal
